// !$*UTF8*$!
{
	archiveVersion = 1;
	classes = {
	};
	objectVersion = 46;
	objects = {

/* Begin PBXBuildFile section */
		BA02492E1AD0BC79004C19CD /* AppDelegate.swift in Sources */ = {isa = PBXBuildFile; fileRef = BA02492D1AD0BC79004C19CD /* AppDelegate.swift */; };
		BA0249301AD0BC79004C19CD /* ViewController.swift in Sources */ = {isa = PBXBuildFile; fileRef = BA02492F1AD0BC79004C19CD /* ViewController.swift */; };
		BA0249331AD0BC79004C19CD /* Main.storyboard in Resources */ = {isa = PBXBuildFile; fileRef = BA0249311AD0BC79004C19CD /* Main.storyboard */; };
		BA0249351AD0BC79004C19CD /* Images.xcassets in Resources */ = {isa = PBXBuildFile; fileRef = BA0249341AD0BC79004C19CD /* Images.xcassets */; };
		BA0249381AD0BC79004C19CD /* LaunchScreen.xib in Resources */ = {isa = PBXBuildFile; fileRef = BA0249361AD0BC79004C19CD /* LaunchScreen.xib */; };
		BA0249441AD0BC7A004C19CD /* Lions_and_TigersTests.swift in Sources */ = {isa = PBXBuildFile; fileRef = BA0249431AD0BC7A004C19CD /* Lions_and_TigersTests.swift */; };
		BA02494E1AD0D5DA004C19CD /* Tiger.swift in Sources */ = {isa = PBXBuildFile; fileRef = BA02494D1AD0D5DA004C19CD /* Tiger.swift */; };
		BA0249571AD0DC81004C19CD /* BengalTiger.jpg in Resources */ = {isa = PBXBuildFile; fileRef = BA02494F1AD0DC81004C19CD /* BengalTiger.jpg */; };
		BA0249581AD0DC81004C19CD /* IndochineseTiger.jpg in Resources */ = {isa = PBXBuildFile; fileRef = BA0249501AD0DC81004C19CD /* IndochineseTiger.jpg */; };
		BA0249591AD0DC81004C19CD /* Lion.jpg in Resources */ = {isa = PBXBuildFile; fileRef = BA0249511AD0DC81004C19CD /* Lion.jpg */; };
		BA02495A1AD0DC81004C19CD /* LionCub1.jpg in Resources */ = {isa = PBXBuildFile; fileRef = BA0249521AD0DC81004C19CD /* LionCub1.jpg */; };
		BA02495B1AD0DC81004C19CD /* LionCub2.jpeg in Resources */ = {isa = PBXBuildFile; fileRef = BA0249531AD0DC81004C19CD /* LionCub2.jpeg */; };
		BA02495C1AD0DC81004C19CD /* Lioness.jpeg in Resources */ = {isa = PBXBuildFile; fileRef = BA0249541AD0DC81004C19CD /* Lioness.jpeg */; };
		BA02495D1AD0DC81004C19CD /* MalayanTiger.jpg in Resources */ = {isa = PBXBuildFile; fileRef = BA0249551AD0DC81004C19CD /* MalayanTiger.jpg */; };
		BA02495E1AD0DC81004C19CD /* SiberianTiger.jpg in Resources */ = {isa = PBXBuildFile; fileRef = BA0249561AD0DC81004C19CD /* SiberianTiger.jpg */; };
/* End PBXBuildFile section */

/* Begin PBXContainerItemProxy section */
		BA02493E1AD0BC7A004C19CD /* PBXContainerItemProxy */ = {
			isa = PBXContainerItemProxy;
			containerPortal = BA0249201AD0BC79004C19CD /* Project object */;
			proxyType = 1;
			remoteGlobalIDString = BA0249271AD0BC79004C19CD;
			remoteInfo = "Lions and Tigers";
		};
/* End PBXContainerItemProxy section */

/* Begin PBXFileReference section */
		BA0249281AD0BC79004C19CD /* Lions and Tigers.app */ = {isa = PBXFileReference; explicitFileType = wrapper.application; includeInIndex = 0; path = "Lions and Tigers.app"; sourceTree = BUILT_PRODUCTS_DIR; };
		BA02492C1AD0BC79004C19CD /* Info.plist */ = {isa = PBXFileReference; lastKnownFileType = text.plist.xml; path = Info.plist; sourceTree = "<group>"; };
		BA02492D1AD0BC79004C19CD /* AppDelegate.swift */ = {isa = PBXFileReference; lastKnownFileType = sourcecode.swift; path = AppDelegate.swift; sourceTree = "<group>"; };
		BA02492F1AD0BC79004C19CD /* ViewController.swift */ = {isa = PBXFileReference; lastKnownFileType = sourcecode.swift; path = ViewController.swift; sourceTree = "<group>"; };
		BA0249321AD0BC79004C19CD /* Base */ = {isa = PBXFileReference; lastKnownFileType = file.storyboard; name = Base; path = Base.lproj/Main.storyboard; sourceTree = "<group>"; };
		BA0249341AD0BC79004C19CD /* Images.xcassets */ = {isa = PBXFileReference; lastKnownFileType = folder.assetcatalog; path = Images.xcassets; sourceTree = "<group>"; };
		BA0249371AD0BC79004C19CD /* Base */ = {isa = PBXFileReference; lastKnownFileType = file.xib; name = Base; path = Base.lproj/LaunchScreen.xib; sourceTree = "<group>"; };
		BA02493D1AD0BC7A004C19CD /* Lions and TigersTests.xctest */ = {isa = PBXFileReference; explicitFileType = wrapper.cfbundle; includeInIndex = 0; path = "Lions and TigersTests.xctest"; sourceTree = BUILT_PRODUCTS_DIR; };
		BA0249421AD0BC7A004C19CD /* Info.plist */ = {isa = PBXFileReference; lastKnownFileType = text.plist.xml; path = Info.plist; sourceTree = "<group>"; };
		BA0249431AD0BC7A004C19CD /* Lions_and_TigersTests.swift */ = {isa = PBXFileReference; lastKnownFileType = sourcecode.swift; path = Lions_and_TigersTests.swift; sourceTree = "<group>"; };
		BA02494D1AD0D5DA004C19CD /* Tiger.swift */ = {isa = PBXFileReference; fileEncoding = 4; lastKnownFileType = sourcecode.swift; path = Tiger.swift; sourceTree = "<group>"; };
		BA02494F1AD0DC81004C19CD /* BengalTiger.jpg */ = {isa = PBXFileReference; lastKnownFileType = image.jpeg; path = BengalTiger.jpg; sourceTree = "<group>"; };
		BA0249501AD0DC81004C19CD /* IndochineseTiger.jpg */ = {isa = PBXFileReference; lastKnownFileType = image.jpeg; path = IndochineseTiger.jpg; sourceTree = "<group>"; };
		BA0249511AD0DC81004C19CD /* Lion.jpg */ = {isa = PBXFileReference; lastKnownFileType = image.jpeg; path = Lion.jpg; sourceTree = "<group>"; };
		BA0249521AD0DC81004C19CD /* LionCub1.jpg */ = {isa = PBXFileReference; lastKnownFileType = image.jpeg; path = LionCub1.jpg; sourceTree = "<group>"; };
		BA0249531AD0DC81004C19CD /* LionCub2.jpeg */ = {isa = PBXFileReference; lastKnownFileType = image.jpeg; path = LionCub2.jpeg; sourceTree = "<group>"; };
		BA0249541AD0DC81004C19CD /* Lioness.jpeg */ = {isa = PBXFileReference; lastKnownFileType = image.jpeg; path = Lioness.jpeg; sourceTree = "<group>"; };
		BA0249551AD0DC81004C19CD /* MalayanTiger.jpg */ = {isa = PBXFileReference; lastKnownFileType = image.jpeg; path = MalayanTiger.jpg; sourceTree = "<group>"; };
		BA0249561AD0DC81004C19CD /* SiberianTiger.jpg */ = {isa = PBXFileReference; lastKnownFileType = image.jpeg; path = SiberianTiger.jpg; sourceTree = "<group>"; };
/* End PBXFileReference section */

/* Begin PBXFrameworksBuildPhase section */
		BA0249251AD0BC79004C19CD /* Frameworks */ = {
			isa = PBXFrameworksBuildPhase;
			buildActionMask = 2147483647;
			files = (
			);
			runOnlyForDeploymentPostprocessing = 0;
		};
		BA02493A1AD0BC7A004C19CD /* Frameworks */ = {
			isa = PBXFrameworksBuildPhase;
			buildActionMask = 2147483647;
			files = (
			);
			runOnlyForDeploymentPostprocessing = 0;
		};
/* End PBXFrameworksBuildPhase section */

/* Begin PBXGroup section */
		BA02491F1AD0BC79004C19CD = {
			isa = PBXGroup;
			children = (
				BA02492A1AD0BC79004C19CD /* Lions and Tigers */,
				BA0249401AD0BC7A004C19CD /* Lions and TigersTests */,
				BA0249291AD0BC79004C19CD /* Products */,
			);
			sourceTree = "<group>";
		};
		BA0249291AD0BC79004C19CD /* Products */ = {
			isa = PBXGroup;
			children = (
				BA0249281AD0BC79004C19CD /* Lions and Tigers.app */,
				BA02493D1AD0BC7A004C19CD /* Lions and TigersTests.xctest */,
			);
			name = Products;
			sourceTree = "<group>";
		};
		BA02492A1AD0BC79004C19CD /* Lions and Tigers */ = {
			isa = PBXGroup;
			children = (
				BA02492D1AD0BC79004C19CD /* AppDelegate.swift */,
				BA02492F1AD0BC79004C19CD /* ViewController.swift */,
				BA0249311AD0BC79004C19CD /* Main.storyboard */,
				BA02494D1AD0D5DA004C19CD /* Tiger.swift */,
				BA0249341AD0BC79004C19CD /* Images.xcassets */,
				BA0249361AD0BC79004C19CD /* LaunchScreen.xib */,
				BA02492B1AD0BC79004C19CD /* Supporting Files */,
			);
			path = "Lions and Tigers";
			sourceTree = "<group>";
		};
		BA02492B1AD0BC79004C19CD /* Supporting Files */ = {
			isa = PBXGroup;
			children = (
				BA02494F1AD0DC81004C19CD /* BengalTiger.jpg */,
				BA0249501AD0DC81004C19CD /* IndochineseTiger.jpg */,
				BA0249511AD0DC81004C19CD /* Lion.jpg */,
				BA0249521AD0DC81004C19CD /* LionCub1.jpg */,
				BA0249531AD0DC81004C19CD /* LionCub2.jpeg */,
				BA0249541AD0DC81004C19CD /* Lioness.jpeg */,
				BA0249551AD0DC81004C19CD /* MalayanTiger.jpg */,
				BA0249561AD0DC81004C19CD /* SiberianTiger.jpg */,
				BA02492C1AD0BC79004C19CD /* Info.plist */,
			);
			name = "Supporting Files";
			sourceTree = "<group>";
		};
		BA0249401AD0BC7A004C19CD /* Lions and TigersTests */ = {
			isa = PBXGroup;
			children = (
				BA0249431AD0BC7A004C19CD /* Lions_and_TigersTests.swift */,
				BA0249411AD0BC7A004C19CD /* Supporting Files */,
			);
			path = "Lions and TigersTests";
			sourceTree = "<group>";
		};
		BA0249411AD0BC7A004C19CD /* Supporting Files */ = {
			isa = PBXGroup;
			children = (
				BA0249421AD0BC7A004C19CD /* Info.plist */,
			);
			name = "Supporting Files";
			sourceTree = "<group>";
		};
/* End PBXGroup section */

/* Begin PBXNativeTarget section */
		BA0249271AD0BC79004C19CD /* Lions and Tigers */ = {
			isa = PBXNativeTarget;
			buildConfigurationList = BA0249471AD0BC7A004C19CD /* Build configuration list for PBXNativeTarget "Lions and Tigers" */;
			buildPhases = (
				BA0249241AD0BC79004C19CD /* Sources */,
				BA0249251AD0BC79004C19CD /* Frameworks */,
				BA0249261AD0BC79004C19CD /* Resources */,
			);
			buildRules = (
			);
			dependencies = (
			);
			name = "Lions and Tigers";
			productName = "Lions and Tigers";
			productReference = BA0249281AD0BC79004C19CD /* Lions and Tigers.app */;
			productType = "com.apple.product-type.application";
		};
		BA02493C1AD0BC7A004C19CD /* Lions and TigersTests */ = {
			isa = PBXNativeTarget;
			buildConfigurationList = BA02494A1AD0BC7A004C19CD /* Build configuration list for PBXNativeTarget "Lions and TigersTests" */;
			buildPhases = (
				BA0249391AD0BC7A004C19CD /* Sources */,
				BA02493A1AD0BC7A004C19CD /* Frameworks */,
				BA02493B1AD0BC7A004C19CD /* Resources */,
			);
			buildRules = (
			);
			dependencies = (
				BA02493F1AD0BC7A004C19CD /* PBXTargetDependency */,
			);
			name = "Lions and TigersTests";
			productName = "Lions and TigersTests";
			productReference = BA02493D1AD0BC7A004C19CD /* Lions and TigersTests.xctest */;
			productType = "com.apple.product-type.bundle.unit-test";
		};
/* End PBXNativeTarget section */

/* Begin PBXProject section */
		BA0249201AD0BC79004C19CD /* Project object */ = {
			isa = PBXProject;
			attributes = {
				LastUpgradeCheck = 0620;
				ORGANIZATIONNAME = "Henry Pham";
				TargetAttributes = {
					BA0249271AD0BC79004C19CD = {
						CreatedOnToolsVersion = 6.2;
					};
					BA02493C1AD0BC7A004C19CD = {
						CreatedOnToolsVersion = 6.2;
						TestTargetID = BA0249271AD0BC79004C19CD;
					};
				};
			};
			buildConfigurationList = BA0249231AD0BC79004C19CD /* Build configuration list for PBXProject "Lions and Tigers" */;
			compatibilityVersion = "Xcode 3.2";
			developmentRegion = English;
			hasScannedForEncodings = 0;
			knownRegions = (
				en,
				Base,
			);
			mainGroup = BA02491F1AD0BC79004C19CD;
			productRefGroup = BA0249291AD0BC79004C19CD /* Products */;
			projectDirPath = "";
			projectRoot = "";
			targets = (
				BA0249271AD0BC79004C19CD /* Lions and Tigers */,
				BA02493C1AD0BC7A004C19CD /* Lions and TigersTests */,
			);
		};
/* End PBXProject section */

/* Begin PBXResourcesBuildPhase section */
		BA0249261AD0BC79004C19CD /* Resources */ = {
			isa = PBXResourcesBuildPhase;
			buildActionMask = 2147483647;
			files = (
				BA0249581AD0DC81004C19CD /* IndochineseTiger.jpg in Resources */,
				BA0249331AD0BC79004C19CD /* Main.storyboard in Resources */,
				BA0249381AD0BC79004C19CD /* LaunchScreen.xib in Resources */,
				BA02495C1AD0DC81004C19CD /* Lioness.jpeg in Resources */,
				BA02495A1AD0DC81004C19CD /* LionCub1.jpg in Resources */,
				BA02495D1AD0DC81004C19CD /* MalayanTiger.jpg in Resources */,
				BA02495E1AD0DC81004C19CD /* SiberianTiger.jpg in Resources */,
				BA0249571AD0DC81004C19CD /* BengalTiger.jpg in Resources */,
				BA0249351AD0BC79004C19CD /* Images.xcassets in Resources */,
				BA0249591AD0DC81004C19CD /* Lion.jpg in Resources */,
				BA02495B1AD0DC81004C19CD /* LionCub2.jpeg in Resources */,
			);
			runOnlyForDeploymentPostprocessing = 0;
		};
		BA02493B1AD0BC7A004C19CD /* Resources */ = {
			isa = PBXResourcesBuildPhase;
			buildActionMask = 2147483647;
			files = (
			);
			runOnlyForDeploymentPostprocessing = 0;
		};
/* End PBXResourcesBuildPhase section */

/* Begin PBXSourcesBuildPhase section */
		BA0249241AD0BC79004C19CD /* Sources */ = {
			isa = PBXSourcesBuildPhase;
			buildActionMask = 2147483647;
			files = (
				BA0249301AD0BC79004C19CD /* ViewController.swift in Sources */,
				BA02494E1AD0D5DA004C19CD /* Tiger.swift in Sources */,
				BA02492E1AD0BC79004C19CD /* AppDelegate.swift in Sources */,
			);
			runOnlyForDeploymentPostprocessing = 0;
		};
		BA0249391AD0BC7A004C19CD /* Sources */ = {
			isa = PBXSourcesBuildPhase;
			buildActionMask = 2147483647;
			files = (
				BA0249441AD0BC7A004C19CD /* Lions_and_TigersTests.swift in Sources */,
			);
			runOnlyForDeploymentPostprocessing = 0;
		};
/* End PBXSourcesBuildPhase section */

/* Begin PBXTargetDependency section */
		BA02493F1AD0BC7A004C19CD /* PBXTargetDependency */ = {
			isa = PBXTargetDependency;
			target = BA0249271AD0BC79004C19CD /* Lions and Tigers */;
			targetProxy = BA02493E1AD0BC7A004C19CD /* PBXContainerItemProxy */;
		};
/* End PBXTargetDependency section */

/* Begin PBXVariantGroup section */
		BA0249311AD0BC79004C19CD /* Main.storyboard */ = {
			isa = PBXVariantGroup;
			children = (
				BA0249321AD0BC79004C19CD /* Base */,
			);
			name = Main.storyboard;
			sourceTree = "<group>";
		};
		BA0249361AD0BC79004C19CD /* LaunchScreen.xib */ = {
			isa = PBXVariantGroup;
			children = (
				BA0249371AD0BC79004C19CD /* Base */,
			);
			name = LaunchScreen.xib;
			sourceTree = "<group>";
		};
/* End PBXVariantGroup section */

/* Begin XCBuildConfiguration section */
		BA0249451AD0BC7A004C19CD /* Debug */ = {
			isa = XCBuildConfiguration;
			buildSettings = {
				ALWAYS_SEARCH_USER_PATHS = NO;
				CLANG_CXX_LANGUAGE_STANDARD = "gnu++0x";
				CLANG_CXX_LIBRARY = "libc++";
				CLANG_ENABLE_MODULES = YES;
				CLANG_ENABLE_OBJC_ARC = YES;
				CLANG_WARN_BOOL_CONVERSION = YES;
				CLANG_WARN_CONSTANT_CONVERSION = YES;
				CLANG_WARN_DIRECT_OBJC_ISA_USAGE = YES_ERROR;
				CLANG_WARN_EMPTY_BODY = YES;
				CLANG_WARN_ENUM_CONVERSION = YES;
				CLANG_WARN_INT_CONVERSION = YES;
				CLANG_WARN_OBJC_ROOT_CLASS = YES_ERROR;
				CLANG_WARN_UNREACHABLE_CODE = YES;
				CLANG_WARN__DUPLICATE_METHOD_MATCH = YES;
				"CODE_SIGN_IDENTITY[sdk=iphoneos*]" = "iPhone Developer";
				COPY_PHASE_STRIP = NO;
				ENABLE_STRICT_OBJC_MSGSEND = YES;
				GCC_C_LANGUAGE_STANDARD = gnu99;
				GCC_DYNAMIC_NO_PIC = NO;
				GCC_OPTIMIZATION_LEVEL = 0;
				GCC_PREPROCESSOR_DEFINITIONS = (
					"DEBUG=1",
					"$(inherited)",
				);
				GCC_SYMBOLS_PRIVATE_EXTERN = NO;
				GCC_WARN_64_TO_32_BIT_CONVERSION = YES;
				GCC_WARN_ABOUT_RETURN_TYPE = YES_ERROR;
				GCC_WARN_UNDECLARED_SELECTOR = YES;
				GCC_WARN_UNINITIALIZED_AUTOS = YES_AGGRESSIVE;
				GCC_WARN_UNUSED_FUNCTION = YES;
				GCC_WARN_UNUSED_VARIABLE = YES;
				IPHONEOS_DEPLOYMENT_TARGET = 8.2;
				MTL_ENABLE_DEBUG_INFO = YES;
				ONLY_ACTIVE_ARCH = YES;
				SDKROOT = iphoneos;
				SWIFT_OPTIMIZATION_LEVEL = "-Onone";
				TARGETED_DEVICE_FAMILY = "1,2";
			};
			name = Debug;
		};
		BA0249461AD0BC7A004C19CD /* Release */ = {
			isa = XCBuildConfiguration;
			buildSettings = {
				ALWAYS_SEARCH_USER_PATHS = NO;
				CLANG_CXX_LANGUAGE_STANDARD = "gnu++0x";
				CLANG_CXX_LIBRARY = "libc++";
				CLANG_ENABLE_MODULES = YES;
				CLANG_ENABLE_OBJC_ARC = YES;
				CLANG_WARN_BOOL_CONVERSION = YES;
				CLANG_WARN_CONSTANT_CONVERSION = YES;
				CLANG_WARN_DIRECT_OBJC_ISA_USAGE = YES_ERROR;
				CLANG_WARN_EMPTY_BODY = YES;
				CLANG_WARN_ENUM_CONVERSION = YES;
				CLANG_WARN_INT_CONVERSION = YES;
				CLANG_WARN_OBJC_ROOT_CLASS = YES_ERROR;
				CLANG_WARN_UNREACHABLE_CODE = YES;
				CLANG_WARN__DUPLICATE_METHOD_MATCH = YES;
				"CODE_SIGN_IDENTITY[sdk=iphoneos*]" = "iPhone Developer";
				COPY_PHASE_STRIP = NO;
				ENABLE_NS_ASSERTIONS = NO;
				ENABLE_STRICT_OBJC_MSGSEND = YES;
				GCC_C_LANGUAGE_STANDARD = gnu99;
				GCC_WARN_64_TO_32_BIT_CONVERSION = YES;
				GCC_WARN_ABOUT_RETURN_TYPE = YES_ERROR;
				GCC_WARN_UNDECLARED_SELECTOR = YES;
				GCC_WARN_UNINITIALIZED_AUTOS = YES_AGGRESSIVE;
				GCC_WARN_UNUSED_FUNCTION = YES;
				GCC_WARN_UNUSED_VARIABLE = YES;
				IPHONEOS_DEPLOYMENT_TARGET = 8.2;
				MTL_ENABLE_DEBUG_INFO = NO;
				SDKROOT = iphoneos;
				TARGETED_DEVICE_FAMILY = "1,2";
				VALIDATE_PRODUCT = YES;
			};
			name = Release;
		};
		BA0249481AD0BC7A004C19CD /* Debug */ = {
			isa = XCBuildConfiguration;
			buildSettings = {
				ASSETCATALOG_COMPILER_APPICON_NAME = AppIcon;
				INFOPLIST_FILE = "Lions and Tigers/Info.plist";
				LD_RUNPATH_SEARCH_PATHS = "$(inherited) @executable_path/Frameworks";
				PRODUCT_NAME = "$(TARGET_NAME)";
			};
			name = Debug;
		};
		BA0249491AD0BC7A004C19CD /* Release */ = {
			isa = XCBuildConfiguration;
			buildSettings = {
				ASSETCATALOG_COMPILER_APPICON_NAME = AppIcon;
				INFOPLIST_FILE = "Lions and Tigers/Info.plist";
				LD_RUNPATH_SEARCH_PATHS = "$(inherited) @executable_path/Frameworks";
				PRODUCT_NAME = "$(TARGET_NAME)";
			};
			name = Release;
		};
		BA02494B1AD0BC7A004C19CD /* Debug */ = {
			isa = XCBuildConfiguration;
			buildSettings = {
				BUNDLE_LOADER = "$(TEST_HOST)";
				FRAMEWORK_SEARCH_PATHS = (
					"$(SDKROOT)/Developer/Library/Frameworks",
					"$(inherited)",
				);
				GCC_PREPROCESSOR_DEFINITIONS = (
					"DEBUG=1",
					"$(inherited)",
				);
				INFOPLIST_FILE = "Lions and TigersTests/Info.plist";
				LD_RUNPATH_SEARCH_PATHS = "$(inherited) @executable_path/Frameworks @loader_path/Frameworks";
				PRODUCT_NAME = "$(TARGET_NAME)";
				TEST_HOST = "$(BUILT_PRODUCTS_DIR)/Lions and Tigers.app/Lions and Tigers";
			};
			name = Debug;
		};
		BA02494C1AD0BC7A004C19CD /* Release */ = {
			isa = XCBuildConfiguration;
			buildSettings = {
				BUNDLE_LOADER = "$(TEST_HOST)";
				FRAMEWORK_SEARCH_PATHS = (
					"$(SDKROOT)/Developer/Library/Frameworks",
					"$(inherited)",
				);
				INFOPLIST_FILE = "Lions and TigersTests/Info.plist";
				LD_RUNPATH_SEARCH_PATHS = "$(inherited) @executable_path/Frameworks @loader_path/Frameworks";
				PRODUCT_NAME = "$(TARGET_NAME)";
				TEST_HOST = "$(BUILT_PRODUCTS_DIR)/Lions and Tigers.app/Lions and Tigers";
			};
			name = Release;
		};
/* End XCBuildConfiguration section */

/* Begin XCConfigurationList section */
		BA0249231AD0BC79004C19CD /* Build configuration list for PBXProject "Lions and Tigers" */ = {
			isa = XCConfigurationList;
			buildConfigurations = (
				BA0249451AD0BC7A004C19CD /* Debug */,
				BA0249461AD0BC7A004C19CD /* Release */,
			);
			defaultConfigurationIsVisible = 0;
			defaultConfigurationName = Release;
		};
		BA0249471AD0BC7A004C19CD /* Build configuration list for PBXNativeTarget "Lions and Tigers" */ = {
			isa = XCConfigurationList;
			buildConfigurations = (
				BA0249481AD0BC7A004C19CD /* Debug */,
				BA0249491AD0BC7A004C19CD /* Release */,
			);
			defaultConfigurationIsVisible = 0;
		};
		BA02494A1AD0BC7A004C19CD /* Build configuration list for PBXNativeTarget "Lions and TigersTests" */ = {
			isa = XCConfigurationList;
			buildConfigurations = (
				BA02494B1AD0BC7A004C19CD /* Debug */,
				BA02494C1AD0BC7A004C19CD /* Release */,
			);
			defaultConfigurationIsVisible = 0;
		};
/* End XCConfigurationList section */
	};
	rootObject = BA0249201AD0BC79004C19CD /* Project object */;
}
